{
  "version": 4,
  "terraform_version": "1.6.4",
  "serial": 20,
  "lineage": "e1f3af3f-40fa-d66a-a3c7-a1643c7f55dc",
  "outputs": {},
  "resources": [
    {
      "mode": "managed",
      "type": "google_container_cluster",
      "name": "awx_cluster",
      "provider": "provider[\"registry.terraform.io/hashicorp/google\"]",
      "instances": [
        {
          "schema_version": 2,
          "attributes": {
            "addons_config": [
              {
                "cloudrun_config": [],
                "config_connector_config": [],
                "dns_cache_config": [],
                "gce_persistent_disk_csi_driver_config": [
                  {
                    "enabled": true
                  }
                ],
                "gcp_filestore_csi_driver_config": [],
                "gcs_fuse_csi_driver_config": [],
                "gke_backup_agent_config": [],
                "horizontal_pod_autoscaling": [],
                "http_load_balancing": [],
                "network_policy_config": [
                  {
                    "disabled": true
                  }
                ]
              }
            ],
            "allow_net_admin": null,
            "authenticator_groups_config": [],
            "binary_authorization": [
              {
                "enabled": false,
                "evaluation_mode": ""
              }
            ],
            "cluster_autoscaling": [
              {
                "auto_provisioning_defaults": [],
                "autoscaling_profile": "BALANCED",
                "enabled": false,
                "resource_limits": []
              }
            ],
            "cluster_ipv4_cidr": "10.68.0.0/14",
            "confidential_nodes": [],
            "cost_management_config": [],
            "database_encryption": [
              {
                "key_name": "",
                "state": "DECRYPTED"
              }
            ],
            "datapath_provider": "",
            "default_max_pods_per_node": 110,
            "default_snat_status": [
              {
                "disabled": false
              }
            ],
            "deletion_protection": false,
            "description": "",
            "dns_config": [],
            "enable_autopilot": false,
            "enable_intranode_visibility": false,
            "enable_k8s_beta_apis": [],
            "enable_kubernetes_alpha": false,
            "enable_l4_ilb_subsetting": false,
            "enable_legacy_abac": false,
            "enable_shielded_nodes": true,
            "enable_tpu": false,
            "endpoint": "34.170.86.30",
            "fleet": [],
            "gateway_api_config": [],
            "id": "projects/arc-azeez-adeleke-sandbox/locations/us-central1/clusters/awx-cluster",
            "identity_service_config": [],
            "initial_node_count": 1,
            "ip_allocation_policy": [
              {
                "additional_pod_ranges_config": [],
                "cluster_ipv4_cidr_block": "10.68.0.0/14",
                "cluster_secondary_range_name": "gke-awx-cluster-pods-95dff6d9",
                "pod_cidr_overprovision_config": [
                  {
                    "disabled": false
                  }
                ],
                "services_ipv4_cidr_block": "10.72.0.0/20",
                "services_secondary_range_name": "gke-awx-cluster-services-95dff6d9",
                "stack_type": "IPV4"
              }
            ],
            "label_fingerprint": "a9dc16a7",
            "location": "us-central1",
            "logging_config": [
              {
                "enable_components": [
                  "SYSTEM_COMPONENTS",
                  "WORKLOADS"
                ]
              }
            ],
            "logging_service": "logging.googleapis.com/kubernetes",
            "maintenance_policy": [],
            "master_auth": [
              {
                "client_certificate": "",
                "client_certificate_config": [
                  {
                    "issue_client_certificate": false
                  }
                ],
                "client_key": "",
                "cluster_ca_certificate": "LS0tLS1CRUdJTiBDRVJUSUZJQ0FURS0tLS0tCk1JSUVMRENDQXBTZ0F3SUJBZ0lRQ0xyOWJxSGpwQ0pLbk9xcGtacDhlREFOQmdrcWhraUc5dzBCQVFzRkFEQXYKTVMwd0t3WURWUVFERXlSaVltVXpZekUzWWkxbE5EYzBMVFExT0RrdE9XWTRaaTFtT1RRd1lUQTNPREUyWW1JdwpJQmNOTWpNeE1qRXpNakkxTlRReFdoZ1BNakExTXpFeU1EVXlNelUxTkRGYU1DOHhMVEFyQmdOVkJBTVRKR0ppClpUTmpNVGRpTFdVME56UXRORFU0T1MwNVpqaG1MV1k1TkRCaE1EYzRNVFppWWpDQ0FhSXdEUVlKS29aSWh2Y04KQVFFQkJRQURnZ0dQQURDQ0FZb0NnZ0dCQU1QYngwbDFOaU0rUkJ1UjBNVExRZnNjaFEybmowYTZ5b2h0bnQ3KwpVRGZPZkpPbjU4SUM3WXQyeUxaY1dic3p0bFdhbmNJUmJpTTFGRHZ0TGlLUUZ5OWhRNEozcTBiU0YrYXFWRG02CkZCeGRBK3NlRnRXNmZ6OVYwRjFwcWlrYkJiVHUwMXhKbE9ORnpTbm85SGFtbG5iQXNhdThiaWNQOHhmbXBSQlEKakIyd0tQSG5lYU9MU1ZvRzlFanR5UTNrV2lKMFczeDZQR3k1QXNiQlFHa3pjUHE5RjZPSFNrdjd5dTlwajdjOApjZ0phMVJNVk1rbkJha2U2Tko3Mm1wQURnV3h6Q09GM1FxV2FuRHh0THEyaFpobGJxdnJrSWp3N3N0SWM4NkFpClBRZitZazBkNWIwUGwxaE53Q2VNZWlTdndicFdmN29SclpPQk5idCtkY2dUeXBvbUc1WldqN2FzdXpoMGJHT2UKUCtOSWoveUFBRkVYdVJ4L0RGU29aVGRRaElnSDhUdDg3cjNMdFhHUEtadlpFMjJRL09ITVZHYVJVWlBGaFUvQQptdU44V29XTGtMRGdYU01SRU80cXExUkNIS3NiUjZBQ3FUKzdxZGdURG1vclBVNHh0RFc4SHhmQXp3cGtkVnd1CnQyRS9NcVlCSHcreHRPcVlxTU1yVlhnaTV3SURBUUFCbzBJd1FEQU9CZ05WSFE4QkFmOEVCQU1DQWdRd0R3WUQKVlIwVEFRSC9CQVV3QXdFQi96QWRCZ05WSFE0RUZnUVVSL2Z5aDYwaHNHbXNsOTRaeHpzbVdZa2hTNjB3RFFZSgpLb1pJaHZjTkFRRUxCUUFEZ2dHQkFJdXdNeWowZ1lQWEIvd1VBV1V5RHo2UzIrYWQ3S3drRGEzZ3pKQlBjOFRmCmJnRE9PbVBaWk15czVpWmF5OHppNkVqa3pZaDJ1ZC9Rei85YnpNWmFKMlBnYzF4M3lIN21wc3dIdmxxazkzMU0KUmFpaHQxNmhjUzNiVnF5MUhaQ3hvcGh0dlhYYVV1UkRYMjBGa3JORDJ1TDN1aGlzYllxbk4vd2FOYWp0cWM0cgorUEVTc3hXYkZRa2hWS09ncDAxTENLWEs1UFpsbWFRSHM4SS82QjZVY3AwLzVwYkl5QlJScGpPZVFDa09xNW9tCk53Um5mZEJTb1EwVlZyTVNWQW9QS0krSjRkM2JWVDAyOHFOcU1CZTR5T0oyVHdLck1GTTNsQjFyeml2Z3A1dE8KdjlrY25iY1hSMlVHS3hGYnJuanoxamJFQjlmeFMzeXlPTXU1SmJqdkZDU2tBSUJvK0NYNStQMVVhQWZQNm9hegpJTm1xNjdYaFFNc3p6anBwd1dXZTcrdk9ieGRKdkJSL3NWTzhEUDBralZXY2JaQzVBR290UnhwckJXRnd3TkZaCkcvVXBUS1J0ekx3TFQ4MUNpSTUzUmJ0VjgxajlUTCtIVTZRRUlmSHFyU0RJQXJKWUFOaHhMOHV4M0tlWW5XalgKVHhMTVdycHZPbllGUXhXTVdSVlhLUT09Ci0tLS0tRU5EIENFUlRJRklDQVRFLS0tLS0K"
              }
            ],
            "master_authorized_networks_config": [],
            "master_version": "1.27.3-gke.100",
            "mesh_certificates": [],
            "min_master_version": null,
            "monitoring_config": [
              {
                "advanced_datapath_observability_config": [
                  {
                    "enable_metrics": false,
                    "relay_mode": ""
                  }
                ],
                "enable_components": [
                  "SYSTEM_COMPONENTS"
                ],
                "managed_prometheus": [
                  {
                    "enabled": true
                  }
                ]
              }
            ],
            "monitoring_service": "monitoring.googleapis.com/kubernetes",
            "name": "awx-cluster",
            "network": "projects/arc-azeez-adeleke-sandbox/global/networks/default",
            "network_policy": [
              {
                "enabled": false,
                "provider": "PROVIDER_UNSPECIFIED"
              }
            ],
            "networking_mode": "VPC_NATIVE",
            "node_config": [
              {
                "advanced_machine_features": [],
                "boot_disk_kms_key": "",
                "confidential_nodes": [],
                "disk_size_gb": 20,
                "disk_type": "pd-ssd",
                "effective_taints": [],
                "ephemeral_storage_local_ssd_config": [],
                "fast_socket": [],
                "gcfs_config": [],
                "guest_accelerator": [],
                "gvnic": [],
                "host_maintenance_policy": [],
                "image_type": "UBUNTU_CONTAINERD",
                "kubelet_config": [],
                "labels": {},
                "linux_node_config": [],
                "local_nvme_ssd_block_config": [],
                "local_ssd_count": 0,
                "logging_variant": "DEFAULT",
                "machine_type": "n1-standard-1",
                "metadata": {
                  "disable-legacy-endpoints": "true"
                },
                "min_cpu_platform": "",
                "node_group": "",
                "oauth_scopes": [
                  "https://www.googleapis.com/auth/devstorage.read_only",
                  "https://www.googleapis.com/auth/logging.write",
                  "https://www.googleapis.com/auth/monitoring",
                  "https://www.googleapis.com/auth/service.management.readonly",
                  "https://www.googleapis.com/auth/servicecontrol",
                  "https://www.googleapis.com/auth/trace.append"
                ],
                "preemptible": false,
                "reservation_affinity": [],
                "resource_labels": {},
                "service_account": "default",
                "shielded_instance_config": [
                  {
                    "enable_integrity_monitoring": true,
                    "enable_secure_boot": false
                  }
                ],
                "sole_tenant_config": [],
                "spot": false,
                "tags": [
                  "http-server",
                  "https-server"
                ],
                "taint": [],
                "workload_metadata_config": []
              }
            ],
            "node_locations": [
              "us-central1-a",
              "us-central1-b",
              "us-central1-c"
            ],
            "node_pool": [
              {
                "autoscaling": [],
                "initial_node_count": 1,
                "instance_group_urls": [
                  "https://www.googleapis.com/compute/v1/projects/arc-azeez-adeleke-sandbox/zones/us-central1-a/instanceGroupManagers/gke-awx-cluster-default-pool-e3bedf52-grp",
                  "https://www.googleapis.com/compute/v1/projects/arc-azeez-adeleke-sandbox/zones/us-central1-b/instanceGroupManagers/gke-awx-cluster-default-pool-73d213c1-grp",
                  "https://www.googleapis.com/compute/v1/projects/arc-azeez-adeleke-sandbox/zones/us-central1-c/instanceGroupManagers/gke-awx-cluster-default-pool-c621e0e4-grp"
                ],
                "managed_instance_group_urls": [
                  "https://www.googleapis.com/compute/v1/projects/arc-azeez-adeleke-sandbox/zones/us-central1-a/instanceGroups/gke-awx-cluster-default-pool-e3bedf52-grp",
                  "https://www.googleapis.com/compute/v1/projects/arc-azeez-adeleke-sandbox/zones/us-central1-b/instanceGroups/gke-awx-cluster-default-pool-73d213c1-grp",
                  "https://www.googleapis.com/compute/v1/projects/arc-azeez-adeleke-sandbox/zones/us-central1-c/instanceGroups/gke-awx-cluster-default-pool-c621e0e4-grp"
                ],
                "management": [
                  {
                    "auto_repair": true,
                    "auto_upgrade": true
                  }
                ],
                "max_pods_per_node": 110,
                "name": "default-pool",
                "name_prefix": "",
                "network_config": [
                  {
                    "create_pod_range": false,
                    "enable_private_nodes": false,
                    "pod_cidr_overprovision_config": [],
                    "pod_ipv4_cidr_block": "10.68.0.0/14",
                    "pod_range": "gke-awx-cluster-pods-95dff6d9"
                  }
                ],
                "node_config": [
                  {
                    "advanced_machine_features": [],
                    "boot_disk_kms_key": "",
                    "confidential_nodes": [],
                    "disk_size_gb": 20,
                    "disk_type": "pd-ssd",
                    "effective_taints": [],
                    "ephemeral_storage_local_ssd_config": [],
                    "fast_socket": [],
                    "gcfs_config": [],
                    "guest_accelerator": [],
                    "gvnic": [],
                    "host_maintenance_policy": [],
                    "image_type": "UBUNTU_CONTAINERD",
                    "kubelet_config": [],
                    "labels": {},
                    "linux_node_config": [],
                    "local_nvme_ssd_block_config": [],
                    "local_ssd_count": 0,
                    "logging_variant": "DEFAULT",
                    "machine_type": "n1-standard-1",
                    "metadata": {
                      "disable-legacy-endpoints": "true"
                    },
                    "min_cpu_platform": "",
                    "node_group": "",
                    "oauth_scopes": [
                      "https://www.googleapis.com/auth/devstorage.read_only",
                      "https://www.googleapis.com/auth/logging.write",
                      "https://www.googleapis.com/auth/monitoring",
                      "https://www.googleapis.com/auth/service.management.readonly",
                      "https://www.googleapis.com/auth/servicecontrol",
                      "https://www.googleapis.com/auth/trace.append"
                    ],
                    "preemptible": false,
                    "reservation_affinity": [],
                    "resource_labels": {},
                    "service_account": "default",
                    "shielded_instance_config": [
                      {
                        "enable_integrity_monitoring": true,
                        "enable_secure_boot": false
                      }
                    ],
                    "sole_tenant_config": [],
                    "spot": false,
                    "tags": [
                      "http-server",
                      "https-server"
                    ],
                    "taint": [],
                    "workload_metadata_config": []
                  }
                ],
                "node_count": 1,
                "node_locations": [
                  "us-central1-a",
                  "us-central1-b",
                  "us-central1-c"
                ],
                "placement_policy": [],
                "upgrade_settings": [
                  {
                    "blue_green_settings": [],
                    "max_surge": 1,
                    "max_unavailable": 0,
                    "strategy": "SURGE"
                  }
                ],
                "version": "1.27.3-gke.100"
              }
            ],
            "node_pool_auto_config": [],
            "node_pool_defaults": [
              {
                "node_config_defaults": [
                  {
                    "logging_variant": "DEFAULT"
                  }
                ]
              }
            ],
            "node_version": "1.27.3-gke.100",
            "notification_config": [
              {
                "pubsub": [
                  {
                    "enabled": false,
                    "filter": [],
                    "topic": ""
                  }
                ]
              }
            ],
            "operation": null,
            "private_cluster_config": [
              {
                "enable_private_endpoint": false,
                "enable_private_nodes": false,
                "master_global_access_config": [
                  {
                    "enabled": false
                  }
                ],
                "master_ipv4_cidr_block": "",
                "peering_name": "",
                "private_endpoint": "10.128.0.5",
                "private_endpoint_subnetwork": "",
                "public_endpoint": "34.170.86.30"
              }
            ],
            "private_ipv6_google_access": "",
            "project": "arc-azeez-adeleke-sandbox",
            "release_channel": [
              {
                "channel": "REGULAR"
              }
            ],
            "remove_default_node_pool": null,
            "resource_labels": {},
            "resource_usage_export_config": [],
            "security_posture_config": [
              {
                "mode": "BASIC",
                "vulnerability_mode": "VULNERABILITY_MODE_UNSPECIFIED"
              }
            ],
            "self_link": "https://container.googleapis.com/v1/projects/arc-azeez-adeleke-sandbox/locations/us-central1/clusters/awx-cluster",
            "service_external_ips_config": [
              {
                "enabled": false
              }
            ],
            "services_ipv4_cidr": "10.72.0.0/20",
            "subnetwork": "projects/arc-azeez-adeleke-sandbox/regions/us-central1/subnetworks/default",
            "timeouts": null,
            "tpu_ipv4_cidr_block": "",
            "vertical_pod_autoscaling": [],
            "workload_identity_config": []
          },
          "sensitive_attributes": [],
          "private": "eyJlMmJmYjczMC1lY2FhLTExZTYtOGY4OC0zNDM2M2JjN2M0YzAiOnsiY3JlYXRlIjoyNDAwMDAwMDAwMDAwLCJkZWxldGUiOjI0MDAwMDAwMDAwMDAsInJlYWQiOjI0MDAwMDAwMDAwMDAsInVwZGF0ZSI6MzYwMDAwMDAwMDAwMH0sInNjaGVtYV92ZXJzaW9uIjoiMiJ9"
        }
      ]
    }
  ],
  "check_results": null
}
